
Microsoft Visual Studio Solution File, Format Version 12.00
# Visual Studio Version 17
VisualStudioVersion = 17.7.34202.233
MinimumVisualStudioVersion = 10.0.40219.1
Project("{FAE04EC0-301F-11D3-BF4B-00C04F79EFBC}") = "Z64DungeonTracker", "Z64DungeonTracker\Z64DungeonTracker.csproj", "{37F8CB22-7225-42A5-861C-5163E5FF867D}"
EndProject
Global
	GlobalSection(SolutionConfigurationPlatforms) = preSolution
		Debug|Any CPU = Debug|Any CPU
		Release|Any CPU = Release|Any CPU
	EndGlobalSection
	GlobalSection(ProjectConfigurationPlatforms) = postSolution
		{37F8CB22-7225-42A5-861C-5163E5FF867D}.Debug|Any CPU.ActiveCfg = Debug|Any CPU
		{37F8CB22-7225-42A5-861C-5163E5FF867D}.Debug|Any CPU.Build.0 = Debug|Any CPU
		{37F8CB22-7225-42A5-861C-5163E5FF867D}.Release|Any CPU.ActiveCfg = Release|Any CPU
		{37F8CB22-7225-42A5-861C-5163E5FF867D}.Release|Any CPU.Build.0 = Release|Any CPU
	EndGlobalSection
	GlobalSection(SolutionProperties) = preSolution
		HideSolutionNode = FALSE
	EndGlobalSection
	GlobalSection(ExtensibilityGlobals) = postSolution
		SolutionGuid = {AACFF2AF-D716-4271-8BF5-CDDBD5B18345}
	EndGlobalSection
EndGlobal
